// !$*UTF8*$!
{
	archiveVersion = 1;
	classes = {
	};
	objectVersion = 56;
	objects = {

/* Begin PBXBuildFile section */
		8152964F2AF4D56C00B80913 /* KeychainAccess in Frameworks */ = {isa = PBXBuildFile; productRef = 8152964E2AF4D56C00B80913 /* KeychainAccess */; };
		815296512AF4D81F00B80913 /* Preferences.swift in Sources */ = {isa = PBXBuildFile; fileRef = 815296502AF4D81F00B80913 /* Preferences.swift */; };
		815296532B0CA48E00B80913 /* PublisherObservableObject.swift in Sources */ = {isa = PBXBuildFile; fileRef = 815296522B0CA48E00B80913 /* PublisherObservableObject.swift */; };
		8176ED662AD9720600D1BE24 /* OpenPanelHelper.swift in Sources */ = {isa = PBXBuildFile; fileRef = 8176ED652AD9720600D1BE24 /* OpenPanelHelper.swift */; };
		818037B62AEBAE7C00D3A37B /* SystemCom.swift in Sources */ = {isa = PBXBuildFile; fileRef = 818037B52AEBAE7C00D3A37B /* SystemCom.swift */; };
		818037B82AEBB56F00D3A37B /* BearComTests.swift in Sources */ = {isa = PBXBuildFile; fileRef = 818037B72AEBB56F00D3A37B /* BearComTests.swift */; };
		818037BC2AEEDE0300D3A37B /* Array+Extensions.swift in Sources */ = {isa = PBXBuildFile; fileRef = 818037BB2AEEDE0300D3A37B /* Array+Extensions.swift */; };
		818037BF2AEEE73300D3A37B /* Response.swift in Sources */ = {isa = PBXBuildFile; fileRef = 818037BE2AEEE73300D3A37B /* Response.swift */; };
		818037C12AEEE75A00D3A37B /* SearchResult.swift in Sources */ = {isa = PBXBuildFile; fileRef = 818037C02AEEE75A00D3A37B /* SearchResult.swift */; };
		818037C32AEEE76E00D3A37B /* CreateResult.swift in Sources */ = {isa = PBXBuildFile; fileRef = 818037C22AEEE76E00D3A37B /* CreateResult.swift */; };
		818037C52AEEE77E00D3A37B /* OpenNoteResult.swift in Sources */ = {isa = PBXBuildFile; fileRef = 818037C42AEEE77E00D3A37B /* OpenNoteResult.swift */; };
		818037C72AEEE79700D3A37B /* AddTextResult.swift in Sources */ = {isa = PBXBuildFile; fileRef = 818037C62AEEE79700D3A37B /* AddTextResult.swift */; };
		818037CB2AEEE80F00D3A37B /* Action.swift in Sources */ = {isa = PBXBuildFile; fileRef = 818037CA2AEEE80F00D3A37B /* Action.swift */; };
		818037CD2AEEE84800D3A37B /* ResultType.swift in Sources */ = {isa = PBXBuildFile; fileRef = 818037CC2AEEE84800D3A37B /* ResultType.swift */; };
		818037CF2AEEE88B00D3A37B /* BearComError.swift in Sources */ = {isa = PBXBuildFile; fileRef = 818037CE2AEEE88B00D3A37B /* BearComError.swift */; };
		8184021E2AEFB37C00B79D1C /* String+Extensions.swift in Sources */ = {isa = PBXBuildFile; fileRef = 8184021D2AEFB37C00B79D1C /* String+Extensions.swift */; };
		818402202AEFB3B900B79D1C /* ExtensionTests.swift in Sources */ = {isa = PBXBuildFile; fileRef = 8184021F2AEFB3B900B79D1C /* ExtensionTests.swift */; };
		81C679B12AE3BD2F00C24537 /* Mapping.swift in Sources */ = {isa = PBXBuildFile; fileRef = 81C679B02AE3BD2F00C24537 /* Mapping.swift */; };
		81C679B42AE4E33A00C24537 /* BearCom.swift in Sources */ = {isa = PBXBuildFile; fileRef = 81C679B32AE4E33A00C24537 /* BearCom.swift */; };
		81D47D4C2AEFB6220006283C /* MappingTests.swift in Sources */ = {isa = PBXBuildFile; fileRef = 81D47D4B2AEFB6220006283C /* MappingTests.swift */; };
		81D47D4E2AEFE6BE0006283C /* SystemComTests.swift in Sources */ = {isa = PBXBuildFile; fileRef = 81D47D4D2AEFE6BE0006283C /* SystemComTests.swift */; };
		81D47D502AF0DDF30006283C /* Synchronizer.swift in Sources */ = {isa = PBXBuildFile; fileRef = 81D47D4F2AF0DDF30006283C /* Synchronizer.swift */; };
		81D47D522AF136A00006283C /* TrashResult.swift in Sources */ = {isa = PBXBuildFile; fileRef = 81D47D512AF136A00006283C /* TrashResult.swift */; };
		81D47D542AF23DF80006283C /* URLOpenerProtocol.swift in Sources */ = {isa = PBXBuildFile; fileRef = 81D47D532AF23DF80006283C /* URLOpenerProtocol.swift */; };
		81E4C5AE2ACD535A00BEAA2A /* BearAppSyncApp.swift in Sources */ = {isa = PBXBuildFile; fileRef = 81E4C5AD2ACD535A00BEAA2A /* BearAppSyncApp.swift */; };
		81E4C5B22ACD535B00BEAA2A /* Assets.xcassets in Resources */ = {isa = PBXBuildFile; fileRef = 81E4C5B12ACD535B00BEAA2A /* Assets.xcassets */; };
		81E4C5B52ACD535B00BEAA2A /* Preview Assets.xcassets in Resources */ = {isa = PBXBuildFile; fileRef = 81E4C5B42ACD535B00BEAA2A /* Preview Assets.xcassets */; };
		81E4C5CA2ACD535C00BEAA2A /* BearAppSyncUITests.swift in Sources */ = {isa = PBXBuildFile; fileRef = 81E4C5C92ACD535C00BEAA2A /* BearAppSyncUITests.swift */; };
		81E4C5CC2ACD535C00BEAA2A /* BearAppSyncUITestsLaunchTests.swift in Sources */ = {isa = PBXBuildFile; fileRef = 81E4C5CB2ACD535C00BEAA2A /* BearAppSyncUITestsLaunchTests.swift */; };
/* End PBXBuildFile section */

/* Begin PBXContainerItemProxy section */
		81E4C5BC2ACD535C00BEAA2A /* PBXContainerItemProxy */ = {
			isa = PBXContainerItemProxy;
			containerPortal = 81E4C5A22ACD535A00BEAA2A /* Project object */;
			proxyType = 1;
			remoteGlobalIDString = 81E4C5A92ACD535A00BEAA2A;
			remoteInfo = BearAppSync;
		};
		81E4C5C62ACD535C00BEAA2A /* PBXContainerItemProxy */ = {
			isa = PBXContainerItemProxy;
			containerPortal = 81E4C5A22ACD535A00BEAA2A /* Project object */;
			proxyType = 1;
			remoteGlobalIDString = 81E4C5A92ACD535A00BEAA2A;
			remoteInfo = BearAppSync;
		};
/* End PBXContainerItemProxy section */

/* Begin PBXFileReference section */
		815296502AF4D81F00B80913 /* Preferences.swift */ = {isa = PBXFileReference; lastKnownFileType = sourcecode.swift; path = Preferences.swift; sourceTree = "<group>"; };
		815296522B0CA48E00B80913 /* PublisherObservableObject.swift */ = {isa = PBXFileReference; lastKnownFileType = sourcecode.swift; path = PublisherObservableObject.swift; sourceTree = "<group>"; };
		8176ED652AD9720600D1BE24 /* OpenPanelHelper.swift */ = {isa = PBXFileReference; lastKnownFileType = sourcecode.swift; path = OpenPanelHelper.swift; sourceTree = "<group>"; };
		818037B52AEBAE7C00D3A37B /* SystemCom.swift */ = {isa = PBXFileReference; lastKnownFileType = sourcecode.swift; path = SystemCom.swift; sourceTree = "<group>"; };
		818037B72AEBB56F00D3A37B /* BearComTests.swift */ = {isa = PBXFileReference; lastKnownFileType = sourcecode.swift; path = BearComTests.swift; sourceTree = "<group>"; };
		818037BB2AEEDE0300D3A37B /* Array+Extensions.swift */ = {isa = PBXFileReference; lastKnownFileType = sourcecode.swift; path = "Array+Extensions.swift"; sourceTree = "<group>"; };
		818037BE2AEEE73300D3A37B /* Response.swift */ = {isa = PBXFileReference; lastKnownFileType = sourcecode.swift; path = Response.swift; sourceTree = "<group>"; };
		818037C02AEEE75A00D3A37B /* SearchResult.swift */ = {isa = PBXFileReference; lastKnownFileType = sourcecode.swift; path = SearchResult.swift; sourceTree = "<group>"; };
		818037C22AEEE76E00D3A37B /* CreateResult.swift */ = {isa = PBXFileReference; lastKnownFileType = sourcecode.swift; path = CreateResult.swift; sourceTree = "<group>"; };
		818037C42AEEE77E00D3A37B /* OpenNoteResult.swift */ = {isa = PBXFileReference; lastKnownFileType = sourcecode.swift; path = OpenNoteResult.swift; sourceTree = "<group>"; };
		818037C62AEEE79700D3A37B /* AddTextResult.swift */ = {isa = PBXFileReference; lastKnownFileType = sourcecode.swift; path = AddTextResult.swift; sourceTree = "<group>"; };
		818037CA2AEEE80F00D3A37B /* Action.swift */ = {isa = PBXFileReference; lastKnownFileType = sourcecode.swift; path = Action.swift; sourceTree = "<group>"; };
		818037CC2AEEE84800D3A37B /* ResultType.swift */ = {isa = PBXFileReference; lastKnownFileType = sourcecode.swift; path = ResultType.swift; sourceTree = "<group>"; };
		818037CE2AEEE88B00D3A37B /* BearComError.swift */ = {isa = PBXFileReference; lastKnownFileType = sourcecode.swift; path = BearComError.swift; sourceTree = "<group>"; };
		818037D02AEFA80F00D3A37B /* BearAppSync.xctestplan */ = {isa = PBXFileReference; lastKnownFileType = text; path = BearAppSync.xctestplan; sourceTree = "<group>"; };
		8184021D2AEFB37C00B79D1C /* String+Extensions.swift */ = {isa = PBXFileReference; lastKnownFileType = sourcecode.swift; path = "String+Extensions.swift"; sourceTree = "<group>"; };
		8184021F2AEFB3B900B79D1C /* ExtensionTests.swift */ = {isa = PBXFileReference; lastKnownFileType = sourcecode.swift; path = ExtensionTests.swift; sourceTree = "<group>"; };
		81C679B02AE3BD2F00C24537 /* Mapping.swift */ = {isa = PBXFileReference; lastKnownFileType = sourcecode.swift; path = Mapping.swift; sourceTree = "<group>"; };
		81C679B22AE3DEBA00C24537 /* Info.plist */ = {isa = PBXFileReference; lastKnownFileType = text.plist; path = Info.plist; sourceTree = "<group>"; };
		81C679B32AE4E33A00C24537 /* BearCom.swift */ = {isa = PBXFileReference; lastKnownFileType = sourcecode.swift; path = BearCom.swift; sourceTree = "<group>"; };
		81D47D4B2AEFB6220006283C /* MappingTests.swift */ = {isa = PBXFileReference; lastKnownFileType = sourcecode.swift; path = MappingTests.swift; sourceTree = "<group>"; };
		81D47D4D2AEFE6BE0006283C /* SystemComTests.swift */ = {isa = PBXFileReference; lastKnownFileType = sourcecode.swift; path = SystemComTests.swift; sourceTree = "<group>"; };
		81D47D4F2AF0DDF30006283C /* Synchronizer.swift */ = {isa = PBXFileReference; lastKnownFileType = sourcecode.swift; path = Synchronizer.swift; sourceTree = "<group>"; };
		81D47D512AF136A00006283C /* TrashResult.swift */ = {isa = PBXFileReference; lastKnownFileType = sourcecode.swift; path = TrashResult.swift; sourceTree = "<group>"; };
		81D47D532AF23DF80006283C /* URLOpenerProtocol.swift */ = {isa = PBXFileReference; lastKnownFileType = sourcecode.swift; path = URLOpenerProtocol.swift; sourceTree = "<group>"; };
		81E4C5AA2ACD535A00BEAA2A /* BearAppSync.app */ = {isa = PBXFileReference; explicitFileType = wrapper.application; includeInIndex = 0; path = BearAppSync.app; sourceTree = BUILT_PRODUCTS_DIR; };
		81E4C5AD2ACD535A00BEAA2A /* BearAppSyncApp.swift */ = {isa = PBXFileReference; lastKnownFileType = sourcecode.swift; path = BearAppSyncApp.swift; sourceTree = "<group>"; };
		81E4C5B12ACD535B00BEAA2A /* Assets.xcassets */ = {isa = PBXFileReference; lastKnownFileType = folder.assetcatalog; path = Assets.xcassets; sourceTree = "<group>"; };
		81E4C5B42ACD535B00BEAA2A /* Preview Assets.xcassets */ = {isa = PBXFileReference; lastKnownFileType = folder.assetcatalog; path = "Preview Assets.xcassets"; sourceTree = "<group>"; };
		81E4C5B62ACD535B00BEAA2A /* BearAppSync.entitlements */ = {isa = PBXFileReference; lastKnownFileType = text.plist.entitlements; path = BearAppSync.entitlements; sourceTree = "<group>"; };
		81E4C5BB2ACD535C00BEAA2A /* BearAppSyncTests.xctest */ = {isa = PBXFileReference; explicitFileType = wrapper.cfbundle; includeInIndex = 0; path = BearAppSyncTests.xctest; sourceTree = BUILT_PRODUCTS_DIR; };
		81E4C5C52ACD535C00BEAA2A /* BearAppSyncUITests.xctest */ = {isa = PBXFileReference; explicitFileType = wrapper.cfbundle; includeInIndex = 0; path = BearAppSyncUITests.xctest; sourceTree = BUILT_PRODUCTS_DIR; };
		81E4C5C92ACD535C00BEAA2A /* BearAppSyncUITests.swift */ = {isa = PBXFileReference; lastKnownFileType = sourcecode.swift; path = BearAppSyncUITests.swift; sourceTree = "<group>"; };
		81E4C5CB2ACD535C00BEAA2A /* BearAppSyncUITestsLaunchTests.swift */ = {isa = PBXFileReference; lastKnownFileType = sourcecode.swift; path = BearAppSyncUITestsLaunchTests.swift; sourceTree = "<group>"; };
/* End PBXFileReference section */

/* Begin PBXFrameworksBuildPhase section */
		81E4C5A72ACD535A00BEAA2A /* Frameworks */ = {
			isa = PBXFrameworksBuildPhase;
			buildActionMask = 2147483647;
			files = (
				8152964F2AF4D56C00B80913 /* KeychainAccess in Frameworks */,
			);
			runOnlyForDeploymentPostprocessing = 0;
		};
		81E4C5B82ACD535C00BEAA2A /* Frameworks */ = {
			isa = PBXFrameworksBuildPhase;
			buildActionMask = 2147483647;
			files = (
			);
			runOnlyForDeploymentPostprocessing = 0;
		};
		81E4C5C22ACD535C00BEAA2A /* Frameworks */ = {
			isa = PBXFrameworksBuildPhase;
			buildActionMask = 2147483647;
			files = (
			);
			runOnlyForDeploymentPostprocessing = 0;
		};
/* End PBXFrameworksBuildPhase section */

/* Begin PBXGroup section */
		818037BD2AEEE6FE00D3A37B /* BearCom */ = {
			isa = PBXGroup;
			children = (
				818037C82AEEE7C300D3A37B /* Data */,
				818037CA2AEEE80F00D3A37B /* Action.swift */,
				81C679B32AE4E33A00C24537 /* BearCom.swift */,
				81D47D532AF23DF80006283C /* URLOpenerProtocol.swift */,
			);
			path = BearCom;
			sourceTree = "<group>";
		};
		818037C82AEEE7C300D3A37B /* Data */ = {
			isa = PBXGroup;
			children = (
				81D47D552AF23EC90006283C /* Results */,
				818037CE2AEEE88B00D3A37B /* BearComError.swift */,
				818037BE2AEEE73300D3A37B /* Response.swift */,
				818037CC2AEEE84800D3A37B /* ResultType.swift */,
			);
			path = Data;
			sourceTree = "<group>";
		};
		818037C92AEEE7ED00D3A37B /* Extensions */ = {
			isa = PBXGroup;
			children = (
				818037BB2AEEDE0300D3A37B /* Array+Extensions.swift */,
				8184021D2AEFB37C00B79D1C /* String+Extensions.swift */,
				815296502AF4D81F00B80913 /* Preferences.swift */,
				815296522B0CA48E00B80913 /* PublisherObservableObject.swift */,
			);
			path = Extensions;
			sourceTree = "<group>";
		};
		81D47D552AF23EC90006283C /* Results */ = {
			isa = PBXGroup;
			children = (
				818037C62AEEE79700D3A37B /* AddTextResult.swift */,
				818037C22AEEE76E00D3A37B /* CreateResult.swift */,
				818037C42AEEE77E00D3A37B /* OpenNoteResult.swift */,
				818037C02AEEE75A00D3A37B /* SearchResult.swift */,
				81D47D512AF136A00006283C /* TrashResult.swift */,
			);
			path = Results;
			sourceTree = "<group>";
		};
		81E4C5A12ACD535A00BEAA2A = {
			isa = PBXGroup;
			children = (
				818037D02AEFA80F00D3A37B /* BearAppSync.xctestplan */,
				81E4C5AC2ACD535A00BEAA2A /* BearAppSync */,
				81E4C5BE2ACD535C00BEAA2A /* BearAppSyncTests */,
				81E4C5C82ACD535C00BEAA2A /* BearAppSyncUITests */,
				81E4C5AB2ACD535A00BEAA2A /* Products */,
			);
			sourceTree = "<group>";
		};
		81E4C5AB2ACD535A00BEAA2A /* Products */ = {
			isa = PBXGroup;
			children = (
				81E4C5AA2ACD535A00BEAA2A /* BearAppSync.app */,
				81E4C5BB2ACD535C00BEAA2A /* BearAppSyncTests.xctest */,
				81E4C5C52ACD535C00BEAA2A /* BearAppSyncUITests.xctest */,
			);
			name = Products;
			sourceTree = "<group>";
		};
		81E4C5AC2ACD535A00BEAA2A /* BearAppSync */ = {
			isa = PBXGroup;
			children = (
				81C679B22AE3DEBA00C24537 /* Info.plist */,
				818037BD2AEEE6FE00D3A37B /* BearCom */,
				818037C92AEEE7ED00D3A37B /* Extensions */,
				81E4C5AD2ACD535A00BEAA2A /* BearAppSyncApp.swift */,
				81D47D4F2AF0DDF30006283C /* Synchronizer.swift */,
				818037B52AEBAE7C00D3A37B /* SystemCom.swift */,
				8176ED652AD9720600D1BE24 /* OpenPanelHelper.swift */,
				81C679B02AE3BD2F00C24537 /* Mapping.swift */,
				81E4C5B12ACD535B00BEAA2A /* Assets.xcassets */,
				81E4C5B62ACD535B00BEAA2A /* BearAppSync.entitlements */,
				81E4C5B32ACD535B00BEAA2A /* Preview Content */,
			);
			path = BearAppSync;
			sourceTree = "<group>";
		};
		81E4C5B32ACD535B00BEAA2A /* Preview Content */ = {
			isa = PBXGroup;
			children = (
				81E4C5B42ACD535B00BEAA2A /* Preview Assets.xcassets */,
			);
			path = "Preview Content";
			sourceTree = "<group>";
		};
		81E4C5BE2ACD535C00BEAA2A /* BearAppSyncTests */ = {
			isa = PBXGroup;
			children = (
				818037B72AEBB56F00D3A37B /* BearComTests.swift */,
				8184021F2AEFB3B900B79D1C /* ExtensionTests.swift */,
				81D47D4B2AEFB6220006283C /* MappingTests.swift */,
				81D47D4D2AEFE6BE0006283C /* SystemComTests.swift */,
			);
			path = BearAppSyncTests;
			sourceTree = "<group>";
		};
		81E4C5C82ACD535C00BEAA2A /* BearAppSyncUITests */ = {
			isa = PBXGroup;
			children = (
				81E4C5C92ACD535C00BEAA2A /* BearAppSyncUITests.swift */,
				81E4C5CB2ACD535C00BEAA2A /* BearAppSyncUITestsLaunchTests.swift */,
			);
			path = BearAppSyncUITests;
			sourceTree = "<group>";
		};
/* End PBXGroup section */

/* Begin PBXNativeTarget section */
		81E4C5A92ACD535A00BEAA2A /* BearAppSync */ = {
			isa = PBXNativeTarget;
			buildConfigurationList = 81E4C5CF2ACD535C00BEAA2A /* Build configuration list for PBXNativeTarget "BearAppSync" */;
			buildPhases = (
				81E4C5A62ACD535A00BEAA2A /* Sources */,
				81E4C5A72ACD535A00BEAA2A /* Frameworks */,
				81E4C5A82ACD535A00BEAA2A /* Resources */,
			);
			buildRules = (
			);
			dependencies = (
			);
			name = BearAppSync;
			packageProductDependencies = (
				8152964E2AF4D56C00B80913 /* KeychainAccess */,
			);
			productName = BearAppSync;
			productReference = 81E4C5AA2ACD535A00BEAA2A /* BearAppSync.app */;
			productType = "com.apple.product-type.application";
		};
		81E4C5BA2ACD535C00BEAA2A /* BearAppSyncTests */ = {
			isa = PBXNativeTarget;
			buildConfigurationList = 81E4C5D22ACD535C00BEAA2A /* Build configuration list for PBXNativeTarget "BearAppSyncTests" */;
			buildPhases = (
				81E4C5B72ACD535C00BEAA2A /* Sources */,
				81E4C5B82ACD535C00BEAA2A /* Frameworks */,
				81E4C5B92ACD535C00BEAA2A /* Resources */,
			);
			buildRules = (
			);
			dependencies = (
				81E4C5BD2ACD535C00BEAA2A /* PBXTargetDependency */,
			);
			name = BearAppSyncTests;
			productName = BearAppSyncTests;
			productReference = 81E4C5BB2ACD535C00BEAA2A /* BearAppSyncTests.xctest */;
			productType = "com.apple.product-type.bundle.unit-test";
		};
		81E4C5C42ACD535C00BEAA2A /* BearAppSyncUITests */ = {
			isa = PBXNativeTarget;
			buildConfigurationList = 81E4C5D52ACD535C00BEAA2A /* Build configuration list for PBXNativeTarget "BearAppSyncUITests" */;
			buildPhases = (
				81E4C5C12ACD535C00BEAA2A /* Sources */,
				81E4C5C22ACD535C00BEAA2A /* Frameworks */,
				81E4C5C32ACD535C00BEAA2A /* Resources */,
			);
			buildRules = (
			);
			dependencies = (
				81E4C5C72ACD535C00BEAA2A /* PBXTargetDependency */,
			);
			name = BearAppSyncUITests;
			productName = BearAppSyncUITests;
			productReference = 81E4C5C52ACD535C00BEAA2A /* BearAppSyncUITests.xctest */;
			productType = "com.apple.product-type.bundle.ui-testing";
		};
/* End PBXNativeTarget section */

/* Begin PBXProject section */
		81E4C5A22ACD535A00BEAA2A /* Project object */ = {
			isa = PBXProject;
			attributes = {
				BuildIndependentTargetsInParallel = 1;
				LastSwiftUpdateCheck = 1500;
				LastUpgradeCheck = 1500;
				TargetAttributes = {
					81E4C5A92ACD535A00BEAA2A = {
						CreatedOnToolsVersion = 15.0;
					};
					81E4C5BA2ACD535C00BEAA2A = {
						CreatedOnToolsVersion = 15.0;
						TestTargetID = 81E4C5A92ACD535A00BEAA2A;
					};
					81E4C5C42ACD535C00BEAA2A = {
						CreatedOnToolsVersion = 15.0;
						TestTargetID = 81E4C5A92ACD535A00BEAA2A;
					};
				};
			};
			buildConfigurationList = 81E4C5A52ACD535A00BEAA2A /* Build configuration list for PBXProject "BearAppSync" */;
			compatibilityVersion = "Xcode 14.0";
			developmentRegion = en;
			hasScannedForEncodings = 0;
			knownRegions = (
				en,
				Base,
			);
			mainGroup = 81E4C5A12ACD535A00BEAA2A;
			packageReferences = (
				8152964D2AF4D56C00B80913 /* XCRemoteSwiftPackageReference "KeychainAccess" */,
			);
			productRefGroup = 81E4C5AB2ACD535A00BEAA2A /* Products */;
			projectDirPath = "";
			projectRoot = "";
			targets = (
				81E4C5A92ACD535A00BEAA2A /* BearAppSync */,
				81E4C5BA2ACD535C00BEAA2A /* BearAppSyncTests */,
				81E4C5C42ACD535C00BEAA2A /* BearAppSyncUITests */,
			);
		};
/* End PBXProject section */

/* Begin PBXResourcesBuildPhase section */
		81E4C5A82ACD535A00BEAA2A /* Resources */ = {
			isa = PBXResourcesBuildPhase;
			buildActionMask = 2147483647;
			files = (
				81E4C5B52ACD535B00BEAA2A /* Preview Assets.xcassets in Resources */,
				81E4C5B22ACD535B00BEAA2A /* Assets.xcassets in Resources */,
			);
			runOnlyForDeploymentPostprocessing = 0;
		};
		81E4C5B92ACD535C00BEAA2A /* Resources */ = {
			isa = PBXResourcesBuildPhase;
			buildActionMask = 2147483647;
			files = (
			);
			runOnlyForDeploymentPostprocessing = 0;
		};
		81E4C5C32ACD535C00BEAA2A /* Resources */ = {
			isa = PBXResourcesBuildPhase;
			buildActionMask = 2147483647;
			files = (
			);
			runOnlyForDeploymentPostprocessing = 0;
		};
/* End PBXResourcesBuildPhase section */

/* Begin PBXSourcesBuildPhase section */
		81E4C5A62ACD535A00BEAA2A /* Sources */ = {
			isa = PBXSourcesBuildPhase;
			buildActionMask = 2147483647;
			files = (
				815296512AF4D81F00B80913 /* Preferences.swift in Sources */,
				818037CF2AEEE88B00D3A37B /* BearComError.swift in Sources */,
				818037BF2AEEE73300D3A37B /* Response.swift in Sources */,
				81D47D522AF136A00006283C /* TrashResult.swift in Sources */,
				818037B62AEBAE7C00D3A37B /* SystemCom.swift in Sources */,
				81D47D542AF23DF80006283C /* URLOpenerProtocol.swift in Sources */,
				818037C52AEEE77E00D3A37B /* OpenNoteResult.swift in Sources */,
				818037C12AEEE75A00D3A37B /* SearchResult.swift in Sources */,
				818037C32AEEE76E00D3A37B /* CreateResult.swift in Sources */,
				81E4C5AE2ACD535A00BEAA2A /* BearAppSyncApp.swift in Sources */,
				8176ED662AD9720600D1BE24 /* OpenPanelHelper.swift in Sources */,
				818037C72AEEE79700D3A37B /* AddTextResult.swift in Sources */,
				815296532B0CA48E00B80913 /* PublisherObservableObject.swift in Sources */,
				81C679B42AE4E33A00C24537 /* BearCom.swift in Sources */,
				818037CD2AEEE84800D3A37B /* ResultType.swift in Sources */,
				81D47D502AF0DDF30006283C /* Synchronizer.swift in Sources */,
				8184021E2AEFB37C00B79D1C /* String+Extensions.swift in Sources */,
				81C679B12AE3BD2F00C24537 /* Mapping.swift in Sources */,
				818037CB2AEEE80F00D3A37B /* Action.swift in Sources */,
				818037BC2AEEDE0300D3A37B /* Array+Extensions.swift in Sources */,
			);
			runOnlyForDeploymentPostprocessing = 0;
		};
		81E4C5B72ACD535C00BEAA2A /* Sources */ = {
			isa = PBXSourcesBuildPhase;
			buildActionMask = 2147483647;
			files = (
				818037B82AEBB56F00D3A37B /* BearComTests.swift in Sources */,
				81D47D4C2AEFB6220006283C /* MappingTests.swift in Sources */,
				81D47D4E2AEFE6BE0006283C /* SystemComTests.swift in Sources */,
				818402202AEFB3B900B79D1C /* ExtensionTests.swift in Sources */,
			);
			runOnlyForDeploymentPostprocessing = 0;
		};
		81E4C5C12ACD535C00BEAA2A /* Sources */ = {
			isa = PBXSourcesBuildPhase;
			buildActionMask = 2147483647;
			files = (
				81E4C5CA2ACD535C00BEAA2A /* BearAppSyncUITests.swift in Sources */,
				81E4C5CC2ACD535C00BEAA2A /* BearAppSyncUITestsLaunchTests.swift in Sources */,
			);
			runOnlyForDeploymentPostprocessing = 0;
		};
/* End PBXSourcesBuildPhase section */

/* Begin PBXTargetDependency section */
		81E4C5BD2ACD535C00BEAA2A /* PBXTargetDependency */ = {
			isa = PBXTargetDependency;
			target = 81E4C5A92ACD535A00BEAA2A /* BearAppSync */;
			targetProxy = 81E4C5BC2ACD535C00BEAA2A /* PBXContainerItemProxy */;
		};
		81E4C5C72ACD535C00BEAA2A /* PBXTargetDependency */ = {
			isa = PBXTargetDependency;
			target = 81E4C5A92ACD535A00BEAA2A /* BearAppSync */;
			targetProxy = 81E4C5C62ACD535C00BEAA2A /* PBXContainerItemProxy */;
		};
/* End PBXTargetDependency section */

/* Begin XCBuildConfiguration section */
		81E4C5CD2ACD535C00BEAA2A /* Debug */ = {
			isa = XCBuildConfiguration;
			buildSettings = {
				ALWAYS_SEARCH_USER_PATHS = NO;
				ASSETCATALOG_COMPILER_GENERATE_SWIFT_ASSET_SYMBOL_EXTENSIONS = YES;
				CLANG_ANALYZER_NONNULL = YES;
				CLANG_ANALYZER_NUMBER_OBJECT_CONVERSION = YES_AGGRESSIVE;
				CLANG_CXX_LANGUAGE_STANDARD = "gnu++20";
				CLANG_ENABLE_MODULES = YES;
				CLANG_ENABLE_OBJC_ARC = YES;
				CLANG_ENABLE_OBJC_WEAK = YES;
				CLANG_WARN_BLOCK_CAPTURE_AUTORELEASING = YES;
				CLANG_WARN_BOOL_CONVERSION = YES;
				CLANG_WARN_COMMA = YES;
				CLANG_WARN_CONSTANT_CONVERSION = YES;
				CLANG_WARN_DEPRECATED_OBJC_IMPLEMENTATIONS = YES;
				CLANG_WARN_DIRECT_OBJC_ISA_USAGE = YES_ERROR;
				CLANG_WARN_DOCUMENTATION_COMMENTS = YES;
				CLANG_WARN_EMPTY_BODY = YES;
				CLANG_WARN_ENUM_CONVERSION = YES;
				CLANG_WARN_INFINITE_RECURSION = YES;
				CLANG_WARN_INT_CONVERSION = YES;
				CLANG_WARN_NON_LITERAL_NULL_CONVERSION = YES;
				CLANG_WARN_OBJC_IMPLICIT_RETAIN_SELF = YES;
				CLANG_WARN_OBJC_LITERAL_CONVERSION = YES;
				CLANG_WARN_OBJC_ROOT_CLASS = YES_ERROR;
				CLANG_WARN_QUOTED_INCLUDE_IN_FRAMEWORK_HEADER = YES;
				CLANG_WARN_RANGE_LOOP_ANALYSIS = YES;
				CLANG_WARN_STRICT_PROTOTYPES = YES;
				CLANG_WARN_SUSPICIOUS_MOVE = YES;
				CLANG_WARN_UNGUARDED_AVAILABILITY = YES_AGGRESSIVE;
				CLANG_WARN_UNREACHABLE_CODE = YES;
				CLANG_WARN__DUPLICATE_METHOD_MATCH = YES;
				COPY_PHASE_STRIP = NO;
				DEBUG_INFORMATION_FORMAT = dwarf;
				ENABLE_STRICT_OBJC_MSGSEND = YES;
				ENABLE_TESTABILITY = YES;
				ENABLE_USER_SCRIPT_SANDBOXING = YES;
				GCC_C_LANGUAGE_STANDARD = gnu17;
				GCC_DYNAMIC_NO_PIC = NO;
				GCC_NO_COMMON_BLOCKS = YES;
				GCC_OPTIMIZATION_LEVEL = 0;
				GCC_PREPROCESSOR_DEFINITIONS = (
					"DEBUG=1",
					"$(inherited)",
				);
				GCC_WARN_64_TO_32_BIT_CONVERSION = YES;
				GCC_WARN_ABOUT_RETURN_TYPE = YES_ERROR;
				GCC_WARN_UNDECLARED_SELECTOR = YES;
				GCC_WARN_UNINITIALIZED_AUTOS = YES_AGGRESSIVE;
				GCC_WARN_UNUSED_FUNCTION = YES;
				GCC_WARN_UNUSED_VARIABLE = YES;
				LOCALIZATION_PREFERS_STRING_CATALOGS = YES;
				MACOSX_DEPLOYMENT_TARGET = 14.0;
				MTL_ENABLE_DEBUG_INFO = INCLUDE_SOURCE;
				MTL_FAST_MATH = YES;
				ONLY_ACTIVE_ARCH = YES;
				SDKROOT = macosx;
				SWIFT_ACTIVE_COMPILATION_CONDITIONS = "DEBUG $(inherited)";
				SWIFT_OPTIMIZATION_LEVEL = "-Onone";
			};
			name = Debug;
		};
		81E4C5CE2ACD535C00BEAA2A /* Release */ = {
			isa = XCBuildConfiguration;
			buildSettings = {
				ALWAYS_SEARCH_USER_PATHS = NO;
				ASSETCATALOG_COMPILER_GENERATE_SWIFT_ASSET_SYMBOL_EXTENSIONS = YES;
				CLANG_ANALYZER_NONNULL = YES;
				CLANG_ANALYZER_NUMBER_OBJECT_CONVERSION = YES_AGGRESSIVE;
				CLANG_CXX_LANGUAGE_STANDARD = "gnu++20";
				CLANG_ENABLE_MODULES = YES;
				CLANG_ENABLE_OBJC_ARC = YES;
				CLANG_ENABLE_OBJC_WEAK = YES;
				CLANG_WARN_BLOCK_CAPTURE_AUTORELEASING = YES;
				CLANG_WARN_BOOL_CONVERSION = YES;
				CLANG_WARN_COMMA = YES;
				CLANG_WARN_CONSTANT_CONVERSION = YES;
				CLANG_WARN_DEPRECATED_OBJC_IMPLEMENTATIONS = YES;
				CLANG_WARN_DIRECT_OBJC_ISA_USAGE = YES_ERROR;
				CLANG_WARN_DOCUMENTATION_COMMENTS = YES;
				CLANG_WARN_EMPTY_BODY = YES;
				CLANG_WARN_ENUM_CONVERSION = YES;
				CLANG_WARN_INFINITE_RECURSION = YES;
				CLANG_WARN_INT_CONVERSION = YES;
				CLANG_WARN_NON_LITERAL_NULL_CONVERSION = YES;
				CLANG_WARN_OBJC_IMPLICIT_RETAIN_SELF = YES;
				CLANG_WARN_OBJC_LITERAL_CONVERSION = YES;
				CLANG_WARN_OBJC_ROOT_CLASS = YES_ERROR;
				CLANG_WARN_QUOTED_INCLUDE_IN_FRAMEWORK_HEADER = YES;
				CLANG_WARN_RANGE_LOOP_ANALYSIS = YES;
				CLANG_WARN_STRICT_PROTOTYPES = YES;
				CLANG_WARN_SUSPICIOUS_MOVE = YES;
				CLANG_WARN_UNGUARDED_AVAILABILITY = YES_AGGRESSIVE;
				CLANG_WARN_UNREACHABLE_CODE = YES;
				CLANG_WARN__DUPLICATE_METHOD_MATCH = YES;
				COPY_PHASE_STRIP = NO;
				DEBUG_INFORMATION_FORMAT = "dwarf-with-dsym";
				ENABLE_NS_ASSERTIONS = NO;
				ENABLE_STRICT_OBJC_MSGSEND = YES;
				ENABLE_USER_SCRIPT_SANDBOXING = YES;
				GCC_C_LANGUAGE_STANDARD = gnu17;
				GCC_NO_COMMON_BLOCKS = YES;
				GCC_WARN_64_TO_32_BIT_CONVERSION = YES;
				GCC_WARN_ABOUT_RETURN_TYPE = YES_ERROR;
				GCC_WARN_UNDECLARED_SELECTOR = YES;
				GCC_WARN_UNINITIALIZED_AUTOS = YES_AGGRESSIVE;
				GCC_WARN_UNUSED_FUNCTION = YES;
				GCC_WARN_UNUSED_VARIABLE = YES;
				LOCALIZATION_PREFERS_STRING_CATALOGS = YES;
				MACOSX_DEPLOYMENT_TARGET = 14.0;
				MTL_ENABLE_DEBUG_INFO = NO;
				MTL_FAST_MATH = YES;
				SDKROOT = macosx;
				SWIFT_COMPILATION_MODE = wholemodule;
			};
			name = Release;
		};
		81E4C5D02ACD535C00BEAA2A /* Debug */ = {
			isa = XCBuildConfiguration;
			buildSettings = {
				ASSETCATALOG_COMPILER_APPICON_NAME = AppIcon;
				ASSETCATALOG_COMPILER_GLOBAL_ACCENT_COLOR_NAME = AccentColor;
				CODE_SIGN_ENTITLEMENTS = BearAppSync/BearAppSync.entitlements;
				CODE_SIGN_STYLE = Automatic;
				COMBINE_HIDPI_IMAGES = YES;
				CURRENT_PROJECT_VERSION = 1;
				DEVELOPMENT_ASSET_PATHS = "\"BearAppSync/Preview Content\"";
				DEVELOPMENT_TEAM = 455K6552B4;
				ENABLE_HARDENED_RUNTIME = YES;
				ENABLE_PREVIEWS = YES;
				GENERATE_INFOPLIST_FILE = YES;
				INFOPLIST_FILE = BearAppSync/Info.plist;
				INFOPLIST_KEY_LSUIElement = YES;
				INFOPLIST_KEY_NSHumanReadableCopyright = "";
				LD_RUNPATH_SEARCH_PATHS = (
					"$(inherited)",
					"@executable_path/../Frameworks",
				);
				MARKETING_VERSION = 1.0;
				PRODUCT_BUNDLE_IDENTIFIER = com.d4Rk.BearAppSync2;
				PRODUCT_NAME = "$(TARGET_NAME)";
				SWIFT_EMIT_LOC_STRINGS = YES;
				SWIFT_VERSION = 5.0;
			};
			name = Debug;
		};
		81E4C5D12ACD535C00BEAA2A /* Release */ = {
			isa = XCBuildConfiguration;
			buildSettings = {
				ASSETCATALOG_COMPILER_APPICON_NAME = AppIcon;
				ASSETCATALOG_COMPILER_GLOBAL_ACCENT_COLOR_NAME = AccentColor;
				CODE_SIGN_ENTITLEMENTS = BearAppSync/BearAppSync.entitlements;
				CODE_SIGN_STYLE = Automatic;
				COMBINE_HIDPI_IMAGES = YES;
				CURRENT_PROJECT_VERSION = 1;
				DEVELOPMENT_ASSET_PATHS = "\"BearAppSync/Preview Content\"";
				DEVELOPMENT_TEAM = 455K6552B4;
				ENABLE_HARDENED_RUNTIME = YES;
				ENABLE_PREVIEWS = YES;
				GENERATE_INFOPLIST_FILE = YES;
				INFOPLIST_FILE = BearAppSync/Info.plist;
				INFOPLIST_KEY_LSUIElement = YES;
				INFOPLIST_KEY_NSHumanReadableCopyright = "";
				LD_RUNPATH_SEARCH_PATHS = (
					"$(inherited)",
					"@executable_path/../Frameworks",
				);
				MARKETING_VERSION = 1.0;
				PRODUCT_BUNDLE_IDENTIFIER = com.d4Rk.BearAppSync2;
				PRODUCT_NAME = "$(TARGET_NAME)";
				SWIFT_EMIT_LOC_STRINGS = YES;
				SWIFT_VERSION = 5.0;
			};
			name = Release;
		};
		81E4C5D32ACD535C00BEAA2A /* Debug */ = {
			isa = XCBuildConfiguration;
			buildSettings = {
				ALWAYS_EMBED_SWIFT_STANDARD_LIBRARIES = YES;
				BUNDLE_LOADER = "$(TEST_HOST)";
				CODE_SIGN_STYLE = Automatic;
				CURRENT_PROJECT_VERSION = 1;
				DEVELOPMENT_TEAM = 455K6552B4;
				GENERATE_INFOPLIST_FILE = YES;
				MACOSX_DEPLOYMENT_TARGET = 14.0;
				MARKETING_VERSION = 1.0;
				PRODUCT_BUNDLE_IDENTIFIER = com.d4Rk.BearAppSyncTests;
				PRODUCT_NAME = "$(TARGET_NAME)";
				SWIFT_EMIT_LOC_STRINGS = NO;
				SWIFT_VERSION = 5.0;
				TEST_HOST = "$(BUILT_PRODUCTS_DIR)/BearAppSync.app/$(BUNDLE_EXECUTABLE_FOLDER_PATH)/BearAppSync";
			};
			name = Debug;
		};
		81E4C5D42ACD535C00BEAA2A /* Release */ = {
			isa = XCBuildConfiguration;
			buildSettings = {
				ALWAYS_EMBED_SWIFT_STANDARD_LIBRARIES = YES;
				BUNDLE_LOADER = "$(TEST_HOST)";
				CODE_SIGN_STYLE = Automatic;
				CURRENT_PROJECT_VERSION = 1;
				DEVELOPMENT_TEAM = 455K6552B4;
				GENERATE_INFOPLIST_FILE = YES;
				MACOSX_DEPLOYMENT_TARGET = 14.0;
				MARKETING_VERSION = 1.0;
				PRODUCT_BUNDLE_IDENTIFIER = com.d4Rk.BearAppSyncTests;
				PRODUCT_NAME = "$(TARGET_NAME)";
				SWIFT_EMIT_LOC_STRINGS = NO;
				SWIFT_VERSION = 5.0;
				TEST_HOST = "$(BUILT_PRODUCTS_DIR)/BearAppSync.app/$(BUNDLE_EXECUTABLE_FOLDER_PATH)/BearAppSync";
			};
			name = Release;
		};
		81E4C5D62ACD535C00BEAA2A /* Debug */ = {
			isa = XCBuildConfiguration;
			buildSettings = {
				ALWAYS_EMBED_SWIFT_STANDARD_LIBRARIES = YES;
				CODE_SIGN_STYLE = Automatic;
				CURRENT_PROJECT_VERSION = 1;
				DEVELOPMENT_TEAM = 455K6552B4;
				GENERATE_INFOPLIST_FILE = YES;
				MARKETING_VERSION = 1.0;
				PRODUCT_BUNDLE_IDENTIFIER = com.d4Rk.BearAppSyncUITests;
				PRODUCT_NAME = "$(TARGET_NAME)";
				SWIFT_EMIT_LOC_STRINGS = NO;
				SWIFT_VERSION = 5.0;
				TEST_TARGET_NAME = BearAppSync;
			};
			name = Debug;
		};
		81E4C5D72ACD535C00BEAA2A /* Release */ = {
			isa = XCBuildConfiguration;
			buildSettings = {
				ALWAYS_EMBED_SWIFT_STANDARD_LIBRARIES = YES;
				CODE_SIGN_STYLE = Automatic;
				CURRENT_PROJECT_VERSION = 1;
				DEVELOPMENT_TEAM = 455K6552B4;
				GENERATE_INFOPLIST_FILE = YES;
				MARKETING_VERSION = 1.0;
				PRODUCT_BUNDLE_IDENTIFIER = com.d4Rk.BearAppSyncUITests;
				PRODUCT_NAME = "$(TARGET_NAME)";
				SWIFT_EMIT_LOC_STRINGS = NO;
				SWIFT_VERSION = 5.0;
				TEST_TARGET_NAME = BearAppSync;
			};
			name = Release;
		};
/* End XCBuildConfiguration section */

/* Begin XCConfigurationList section */
		81E4C5A52ACD535A00BEAA2A /* Build configuration list for PBXProject "BearAppSync" */ = {
			isa = XCConfigurationList;
			buildConfigurations = (
				81E4C5CD2ACD535C00BEAA2A /* Debug */,
				81E4C5CE2ACD535C00BEAA2A /* Release */,
			);
			defaultConfigurationIsVisible = 0;
			defaultConfigurationName = Release;
		};
		81E4C5CF2ACD535C00BEAA2A /* Build configuration list for PBXNativeTarget "BearAppSync" */ = {
			isa = XCConfigurationList;
			buildConfigurations = (
				81E4C5D02ACD535C00BEAA2A /* Debug */,
				81E4C5D12ACD535C00BEAA2A /* Release */,
			);
			defaultConfigurationIsVisible = 0;
			defaultConfigurationName = Release;
		};
		81E4C5D22ACD535C00BEAA2A /* Build configuration list for PBXNativeTarget "BearAppSyncTests" */ = {
			isa = XCConfigurationList;
			buildConfigurations = (
				81E4C5D32ACD535C00BEAA2A /* Debug */,
				81E4C5D42ACD535C00BEAA2A /* Release */,
			);
			defaultConfigurationIsVisible = 0;
			defaultConfigurationName = Release;
		};
		81E4C5D52ACD535C00BEAA2A /* Build configuration list for PBXNativeTarget "BearAppSyncUITests" */ = {
			isa = XCConfigurationList;
			buildConfigurations = (
				81E4C5D62ACD535C00BEAA2A /* Debug */,
				81E4C5D72ACD535C00BEAA2A /* Release */,
			);
			defaultConfigurationIsVisible = 0;
			defaultConfigurationName = Release;
		};
/* End XCConfigurationList section */

/* Begin XCRemoteSwiftPackageReference section */
		8152964D2AF4D56C00B80913 /* XCRemoteSwiftPackageReference "KeychainAccess" */ = {
			isa = XCRemoteSwiftPackageReference;
			repositoryURL = "https://github.com/kishikawakatsumi/KeychainAccess#requirements";
			requirement = {
				kind = upToNextMajorVersion;
				minimumVersion = 4.0.0;
			};
		};
/* End XCRemoteSwiftPackageReference section */

/* Begin XCSwiftPackageProductDependency section */
		8152964E2AF4D56C00B80913 /* KeychainAccess */ = {
			isa = XCSwiftPackageProductDependency;
			package = 8152964D2AF4D56C00B80913 /* XCRemoteSwiftPackageReference "KeychainAccess" */;
			productName = KeychainAccess;
		};
/* End XCSwiftPackageProductDependency section */
	};
	rootObject = 81E4C5A22ACD535A00BEAA2A /* Project object */;
}
